// !$*UTF8*$!
{
	archiveVersion = 1;
	classes = {
	};
	objectVersion = 50;
	objects = {

/* Begin PBXBuildFile section */
		A020A51A209AF78E00582B4E /* UIColor+CLExtension.m in Sources */ = {isa = PBXBuildFile; fileRef = A020A519209AF78E00582B4E /* UIColor+CLExtension.m */; };
		A020A51D209B0D1800582B4E /* CLCollectionView.m in Sources */ = {isa = PBXBuildFile; fileRef = A020A51C209B0D1800582B4E /* CLCollectionView.m */; };
		A057B29920970E62000337CB /* Main.storyboard in Resources */ = {isa = PBXBuildFile; fileRef = A0BE93D920947B1600D4A774 /* Main.storyboard */; };
		A057B2A720986E53000337CB /* InfoPlist.strings in Resources */ = {isa = PBXBuildFile; fileRef = A057B2A920986E53000337CB /* InfoPlist.strings */; };
		A057B2AB20986E6E000337CB /* Localizable.strings in Resources */ = {isa = PBXBuildFile; fileRef = A057B2AD20986E6E000337CB /* Localizable.strings */; };
		A057B2B020988D4C000337CB /* Info.plist in Resources */ = {isa = PBXBuildFile; fileRef = A057B2AF20988D4C000337CB /* Info.plist */; };
		A0BE93D520947B1600D4A774 /* AppDelegate.m in Sources */ = {isa = PBXBuildFile; fileRef = A0BE93D420947B1600D4A774 /* AppDelegate.m */; };
		A0BE93D820947B1600D4A774 /* ViewController.m in Sources */ = {isa = PBXBuildFile; fileRef = A0BE93D720947B1600D4A774 /* ViewController.m */; };
		A0BE93DD20947B1800D4A774 /* Assets.xcassets in Resources */ = {isa = PBXBuildFile; fileRef = A0BE93DC20947B1800D4A774 /* Assets.xcassets */; };
		A0BE93E020947B1800D4A774 /* LaunchScreen.storyboard in Resources */ = {isa = PBXBuildFile; fileRef = A0BE93DE20947B1800D4A774 /* LaunchScreen.storyboard */; };
		A0BE93E320947B1800D4A774 /* main.m in Sources */ = {isa = PBXBuildFile; fileRef = A0BE93E220947B1800D4A774 /* main.m */; };
		BE16C204F62FC2CD53D723D8 /* libPods-Example_OC.a in Frameworks */ = {isa = PBXBuildFile; fileRef = 72C95550BDB8FE9265C534C9 /* libPods-Example_OC.a */; };
/* End PBXBuildFile section */

/* Begin PBXFileReference section */
		32C946B9CC1571E1F9EB6099 /* Pods-Example_OC.debug.xcconfig */ = {isa = PBXFileReference; includeInIndex = 1; lastKnownFileType = text.xcconfig; name = "Pods-Example_OC.debug.xcconfig"; path = "Pods/Target Support Files/Pods-Example_OC/Pods-Example_OC.debug.xcconfig"; sourceTree = "<group>"; };
		62CEB5290BF10D98C68E9C56 /* Pods-Example_OC.release.xcconfig */ = {isa = PBXFileReference; includeInIndex = 1; lastKnownFileType = text.xcconfig; name = "Pods-Example_OC.release.xcconfig"; path = "Pods/Target Support Files/Pods-Example_OC/Pods-Example_OC.release.xcconfig"; sourceTree = "<group>"; };
		72C95550BDB8FE9265C534C9 /* libPods-Example_OC.a */ = {isa = PBXFileReference; explicitFileType = archive.ar; includeInIndex = 0; path = "libPods-Example_OC.a"; sourceTree = BUILT_PRODUCTS_DIR; };
		A020A514209AE35300582B4E /* PrefixHeader.pch */ = {isa = PBXFileReference; lastKnownFileType = sourcecode.c.h; path = PrefixHeader.pch; sourceTree = "<group>"; };
		A020A518209AF78E00582B4E /* UIColor+CLExtension.h */ = {isa = PBXFileReference; lastKnownFileType = sourcecode.c.h; path = "UIColor+CLExtension.h"; sourceTree = "<group>"; };
		A020A519209AF78E00582B4E /* UIColor+CLExtension.m */ = {isa = PBXFileReference; lastKnownFileType = sourcecode.c.objc; path = "UIColor+CLExtension.m"; sourceTree = "<group>"; };
		A020A51B209B0D1800582B4E /* CLCollectionView.h */ = {isa = PBXFileReference; lastKnownFileType = sourcecode.c.h; path = CLCollectionView.h; sourceTree = "<group>"; };
		A020A51C209B0D1800582B4E /* CLCollectionView.m */ = {isa = PBXFileReference; lastKnownFileType = sourcecode.c.objc; path = CLCollectionView.m; sourceTree = "<group>"; };
		A057B29720970D85000337CB /* en */ = {isa = PBXFileReference; lastKnownFileType = text.plist.strings; name = en; path = en.lproj/Main.strings; sourceTree = "<group>"; };
		A057B29820970D88000337CB /* zh-Hans */ = {isa = PBXFileReference; lastKnownFileType = text.plist.strings; name = "zh-Hans"; path = "zh-Hans.lproj/Main.strings"; sourceTree = "<group>"; };
		A057B2A820986E53000337CB /* en */ = {isa = PBXFileReference; lastKnownFileType = text.plist.strings; name = en; path = en.lproj/InfoPlist.strings; sourceTree = "<group>"; };
		A057B2AA20986E55000337CB /* zh-Hans */ = {isa = PBXFileReference; lastKnownFileType = text.plist.strings; name = "zh-Hans"; path = "zh-Hans.lproj/InfoPlist.strings"; sourceTree = "<group>"; };
		A057B2AC20986E6E000337CB /* en */ = {isa = PBXFileReference; lastKnownFileType = text.plist.strings; name = en; path = en.lproj/Localizable.strings; sourceTree = "<group>"; };
		A057B2AE20986E6F000337CB /* zh-Hans */ = {isa = PBXFileReference; lastKnownFileType = text.plist.strings; name = "zh-Hans"; path = "zh-Hans.lproj/Localizable.strings"; sourceTree = "<group>"; };
		A057B2AF20988D4C000337CB /* Info.plist */ = {isa = PBXFileReference; fileEncoding = 4; lastKnownFileType = text.plist.xml; path = Info.plist; sourceTree = "<group>"; };
		A0BE93D020947B1600D4A774 /* Example_OC.app */ = {isa = PBXFileReference; explicitFileType = wrapper.application; includeInIndex = 0; path = Example_OC.app; sourceTree = BUILT_PRODUCTS_DIR; };
		A0BE93D320947B1600D4A774 /* AppDelegate.h */ = {isa = PBXFileReference; lastKnownFileType = sourcecode.c.h; path = AppDelegate.h; sourceTree = "<group>"; };
		A0BE93D420947B1600D4A774 /* AppDelegate.m */ = {isa = PBXFileReference; lastKnownFileType = sourcecode.c.objc; path = AppDelegate.m; sourceTree = "<group>"; };
		A0BE93D620947B1600D4A774 /* ViewController.h */ = {isa = PBXFileReference; lastKnownFileType = sourcecode.c.h; path = ViewController.h; sourceTree = "<group>"; };
		A0BE93D720947B1600D4A774 /* ViewController.m */ = {isa = PBXFileReference; lastKnownFileType = sourcecode.c.objc; path = ViewController.m; sourceTree = "<group>"; };
		A0BE93DA20947B1600D4A774 /* Base */ = {isa = PBXFileReference; lastKnownFileType = file.storyboard; name = Base; path = Base.lproj/Main.storyboard; sourceTree = "<group>"; };
		A0BE93DC20947B1800D4A774 /* Assets.xcassets */ = {isa = PBXFileReference; lastKnownFileType = folder.assetcatalog; path = Assets.xcassets; sourceTree = "<group>"; };
		A0BE93DF20947B1800D4A774 /* Base */ = {isa = PBXFileReference; lastKnownFileType = file.storyboard; name = Base; path = Base.lproj/LaunchScreen.storyboard; sourceTree = "<group>"; };
		A0BE93E220947B1800D4A774 /* main.m */ = {isa = PBXFileReference; lastKnownFileType = sourcecode.c.objc; path = main.m; sourceTree = "<group>"; };
/* End PBXFileReference section */

/* Begin PBXFrameworksBuildPhase section */
		A0BE93CD20947B1600D4A774 /* Frameworks */ = {
			isa = PBXFrameworksBuildPhase;
			buildActionMask = 2147483647;
			files = (
				BE16C204F62FC2CD53D723D8 /* libPods-Example_OC.a in Frameworks */,
			);
			runOnlyForDeploymentPostprocessing = 0;
		};
/* End PBXFrameworksBuildPhase section */

/* Begin PBXGroup section */
		97F19FC75D9A2847B8D02533 /* Pods */ = {
			isa = PBXGroup;
			children = (
				32C946B9CC1571E1F9EB6099 /* Pods-Example_OC.debug.xcconfig */,
				62CEB5290BF10D98C68E9C56 /* Pods-Example_OC.release.xcconfig */,
			);
			name = Pods;
			sourceTree = "<group>";
		};
		A020A5122099ACB300582B4E /* Categories */ = {
			isa = PBXGroup;
			children = (
				A020A518209AF78E00582B4E /* UIColor+CLExtension.h */,
				A020A519209AF78E00582B4E /* UIColor+CLExtension.m */,
			);
			path = Categories;
			sourceTree = "<group>";
		};
		A020A5132099ACBC00582B4E /* Base */ = {
			isa = PBXGroup;
			children = (
				A020A51B209B0D1800582B4E /* CLCollectionView.h */,
				A020A51C209B0D1800582B4E /* CLCollectionView.m */,
			);
			path = Base;
			sourceTree = "<group>";
		};
		A057B2A620986B4F000337CB /* Supporting Files */ = {
			isa = PBXGroup;
			children = (
				A057B2A920986E53000337CB /* InfoPlist.strings */,
				A057B2AD20986E6E000337CB /* Localizable.strings */,
				A020A514209AE35300582B4E /* PrefixHeader.pch */,
			);
			path = "Supporting Files";
			sourceTree = "<group>";
		};
		A0BE93C720947B1600D4A774 = {
			isa = PBXGroup;
			children = (
				A0BE93D220947B1600D4A774 /* Example_OC */,
				A0BE93D120947B1600D4A774 /* Products */,
				97F19FC75D9A2847B8D02533 /* Pods */,
				F5336F677B0F6809EB237447 /* Frameworks */,
			);
			sourceTree = "<group>";
		};
		A0BE93D120947B1600D4A774 /* Products */ = {
			isa = PBXGroup;
			children = (
				A0BE93D020947B1600D4A774 /* Example_OC.app */,
			);
			name = Products;
			sourceTree = "<group>";
		};
		A0BE93D220947B1600D4A774 /* Example_OC */ = {
			isa = PBXGroup;
			children = (
				A0BE93D320947B1600D4A774 /* AppDelegate.h */,
				A0BE93D420947B1600D4A774 /* AppDelegate.m */,
				A0BE93D620947B1600D4A774 /* ViewController.h */,
				A0BE93D720947B1600D4A774 /* ViewController.m */,
				A020A5132099ACBC00582B4E /* Base */,
				A020A5122099ACB300582B4E /* Categories */,
				A0BE93D920947B1600D4A774 /* Main.storyboard */,
				A0BE93DC20947B1800D4A774 /* Assets.xcassets */,
				A0BE93DE20947B1800D4A774 /* LaunchScreen.storyboard */,
				A057B2AF20988D4C000337CB /* Info.plist */,
				A0BE93E220947B1800D4A774 /* main.m */,
				A057B2A620986B4F000337CB /* Supporting Files */,
			);
			path = Example_OC;
			sourceTree = "<group>";
		};
		F5336F677B0F6809EB237447 /* Frameworks */ = {
			isa = PBXGroup;
			children = (
				72C95550BDB8FE9265C534C9 /* libPods-Example_OC.a */,
			);
			name = Frameworks;
			sourceTree = "<group>";
		};
/* End PBXGroup section */

/* Begin PBXNativeTarget section */
		A0BE93CF20947B1600D4A774 /* Example_OC */ = {
			isa = PBXNativeTarget;
			buildConfigurationList = A0BE93E620947B1800D4A774 /* Build configuration list for PBXNativeTarget "Example_OC" */;
			buildPhases = (
				C7FC4A52231D52460ABED326 /* [CP] Check Pods Manifest.lock */,
				A0BE93CC20947B1600D4A774 /* Sources */,
				A0BE93CD20947B1600D4A774 /* Frameworks */,
				A0BE93CE20947B1600D4A774 /* Resources */,
			);
			buildRules = (
			);
			dependencies = (
			);
			name = Example_OC;
			productName = Example_OC;
			productReference = A0BE93D020947B1600D4A774 /* Example_OC.app */;
			productType = "com.apple.product-type.application";
		};
/* End PBXNativeTarget section */

/* Begin PBXProject section */
		A0BE93C820947B1600D4A774 /* Project object */ = {
			isa = PBXProject;
			attributes = {
				LastUpgradeCheck = 0930;
				ORGANIZATIONNAME = light;
				TargetAttributes = {
					A0BE93CF20947B1600D4A774 = {
						CreatedOnToolsVersion = 9.3;
					};
				};
			};
			buildConfigurationList = A0BE93CB20947B1600D4A774 /* Build configuration list for PBXProject "Example_OC" */;
			compatibilityVersion = "Xcode 9.3";
			developmentRegion = en;
			hasScannedForEncodings = 0;
			knownRegions = (
				en,
				Base,
				"zh-Hans",
			);
			mainGroup = A0BE93C720947B1600D4A774;
			productRefGroup = A0BE93D120947B1600D4A774 /* Products */;
			projectDirPath = "";
			projectRoot = "";
			targets = (
				A0BE93CF20947B1600D4A774 /* Example_OC */,
			);
		};
/* End PBXProject section */

/* Begin PBXResourcesBuildPhase section */
		A0BE93CE20947B1600D4A774 /* Resources */ = {
			isa = PBXResourcesBuildPhase;
			buildActionMask = 2147483647;
			files = (
				A057B2AB20986E6E000337CB /* Localizable.strings in Resources */,
				A057B29920970E62000337CB /* Main.storyboard in Resources */,
				A057B2B020988D4C000337CB /* Info.plist in Resources */,
				A057B2A720986E53000337CB /* InfoPlist.strings in Resources */,
				A0BE93E020947B1800D4A774 /* LaunchScreen.storyboard in Resources */,
				A0BE93DD20947B1800D4A774 /* Assets.xcassets in Resources */,
			);
			runOnlyForDeploymentPostprocessing = 0;
		};
/* End PBXResourcesBuildPhase section */

/* Begin PBXShellScriptBuildPhase section */
		C7FC4A52231D52460ABED326 /* [CP] Check Pods Manifest.lock */ = {
			isa = PBXShellScriptBuildPhase;
			buildActionMask = 2147483647;
			files = (
			);
			inputPaths = (
				"${PODS_PODFILE_DIR_PATH}/Podfile.lock",
				"${PODS_ROOT}/Manifest.lock",
			);
			name = "[CP] Check Pods Manifest.lock";
			outputPaths = (
				"$(DERIVED_FILE_DIR)/Pods-Example_OC-checkManifestLockResult.txt",
			);
			runOnlyForDeploymentPostprocessing = 0;
			shellPath = /bin/sh;
			shellScript = "diff \"${PODS_PODFILE_DIR_PATH}/Podfile.lock\" \"${PODS_ROOT}/Manifest.lock\" > /dev/null\nif [ $? != 0 ] ; then\n    # print error to STDERR\n    echo \"error: The sandbox is not in sync with the Podfile.lock. Run 'pod install' or update your CocoaPods installation.\" >&2\n    exit 1\nfi\n# This output is used by Xcode 'outputs' to avoid re-running this script phase.\necho \"SUCCESS\" > \"${SCRIPT_OUTPUT_FILE_0}\"\n";
			showEnvVarsInLog = 0;
		};
/* End PBXShellScriptBuildPhase section */

/* Begin PBXSourcesBuildPhase section */
		A0BE93CC20947B1600D4A774 /* Sources */ = {
			isa = PBXSourcesBuildPhase;
			buildActionMask = 2147483647;
			files = (
				A0BE93D820947B1600D4A774 /* ViewController.m in Sources */,
				A020A51A209AF78E00582B4E /* UIColor+CLExtension.m in Sources */,
				A020A51D209B0D1800582B4E /* CLCollectionView.m in Sources */,
				A0BE93E320947B1800D4A774 /* main.m in Sources */,
				A0BE93D520947B1600D4A774 /* AppDelegate.m in Sources */,
			);
			runOnlyForDeploymentPostprocessing = 0;
		};
/* End PBXSourcesBuildPhase section */

/* Begin PBXVariantGroup section */
		A057B2A920986E53000337CB /* InfoPlist.strings */ = {
			isa = PBXVariantGroup;
			children = (
				A057B2A820986E53000337CB /* en */,
				A057B2AA20986E55000337CB /* zh-Hans */,
			);
			name = InfoPlist.strings;
			sourceTree = "<group>";
		};
		A057B2AD20986E6E000337CB /* Localizable.strings */ = {
			isa = PBXVariantGroup;
			children = (
				A057B2AC20986E6E000337CB /* en */,
				A057B2AE20986E6F000337CB /* zh-Hans */,
			);
			name = Localizable.strings;
			sourceTree = "<group>";
		};
		A0BE93D920947B1600D4A774 /* Main.storyboard */ = {
			isa = PBXVariantGroup;
			children = (
				A0BE93DA20947B1600D4A774 /* Base */,
				A057B29720970D85000337CB /* en */,
				A057B29820970D88000337CB /* zh-Hans */,
			);
			name = Main.storyboard;
			sourceTree = "<group>";
		};
		A0BE93DE20947B1800D4A774 /* LaunchScreen.storyboard */ = {
			isa = PBXVariantGroup;
			children = (
				A0BE93DF20947B1800D4A774 /* Base */,
			);
			name = LaunchScreen.storyboard;
			sourceTree = "<group>";
		};
/* End PBXVariantGroup section */

/* Begin XCBuildConfiguration section */
		A0BE93E420947B1800D4A774 /* Debug */ = {
			isa = XCBuildConfiguration;
			buildSettings = {
				ALWAYS_SEARCH_USER_PATHS = NO;
				CLANG_ANALYZER_LOCALIZABILITY_NONLOCALIZED = YES;
				CLANG_ANALYZER_NONNULL = YES;
				CLANG_ANALYZER_NUMBER_OBJECT_CONVERSION = YES_AGGRESSIVE;
				CLANG_CXX_LANGUAGE_STANDARD = "gnu++14";
				CLANG_CXX_LIBRARY = "libc++";
				CLANG_ENABLE_MODULES = YES;
				CLANG_ENABLE_OBJC_ARC = YES;
				CLANG_ENABLE_OBJC_WEAK = YES;
				CLANG_WARN_BLOCK_CAPTURE_AUTORELEASING = YES;
				CLANG_WARN_BOOL_CONVERSION = YES;
				CLANG_WARN_COMMA = YES;
				CLANG_WARN_CONSTANT_CONVERSION = YES;
				CLANG_WARN_DEPRECATED_OBJC_IMPLEMENTATIONS = YES;
				CLANG_WARN_DIRECT_OBJC_ISA_USAGE = YES_ERROR;
				CLANG_WARN_DOCUMENTATION_COMMENTS = YES;
				CLANG_WARN_EMPTY_BODY = YES;
				CLANG_WARN_ENUM_CONVERSION = YES;
				CLANG_WARN_INFINITE_RECURSION = YES;
				CLANG_WARN_INT_CONVERSION = YES;
				CLANG_WARN_NON_LITERAL_NULL_CONVERSION = YES;
				CLANG_WARN_OBJC_IMPLICIT_RETAIN_SELF = YES;
				CLANG_WARN_OBJC_LITERAL_CONVERSION = YES;
				CLANG_WARN_OBJC_ROOT_CLASS = YES_ERROR;
				CLANG_WARN_RANGE_LOOP_ANALYSIS = YES;
				CLANG_WARN_STRICT_PROTOTYPES = YES;
				CLANG_WARN_SUSPICIOUS_MOVE = YES;
				CLANG_WARN_UNGUARDED_AVAILABILITY = YES_AGGRESSIVE;
				CLANG_WARN_UNREACHABLE_CODE = YES;
				CLANG_WARN__DUPLICATE_METHOD_MATCH = YES;
				CODE_SIGN_IDENTITY = "iPhone Developer";
				COPY_PHASE_STRIP = NO;
				DEBUG_INFORMATION_FORMAT = dwarf;
				ENABLE_STRICT_OBJC_MSGSEND = YES;
				ENABLE_TESTABILITY = YES;
				GCC_C_LANGUAGE_STANDARD = gnu11;
				GCC_DYNAMIC_NO_PIC = NO;
				GCC_NO_COMMON_BLOCKS = YES;
				GCC_OPTIMIZATION_LEVEL = 0;
				GCC_PREFIX_HEADER = "$(SRCROOT)/Example_OC/Supporting Files/PrefixHeader.pch";
				GCC_PREPROCESSOR_DEFINITIONS = (
					"DEBUG=1",
					"$(inherited)",
				);
				GCC_WARN_64_TO_32_BIT_CONVERSION = YES;
				GCC_WARN_ABOUT_RETURN_TYPE = YES_ERROR;
				GCC_WARN_UNDECLARED_SELECTOR = YES;
				GCC_WARN_UNINITIALIZED_AUTOS = YES_AGGRESSIVE;
				GCC_WARN_UNUSED_FUNCTION = YES;
				GCC_WARN_UNUSED_VARIABLE = YES;
				IPHONEOS_DEPLOYMENT_TARGET = 11.3;
				MTL_ENABLE_DEBUG_INFO = YES;
				ONLY_ACTIVE_ARCH = YES;
				SDKROOT = iphoneos;
			};
			name = Debug;
		};
		A0BE93E520947B1800D4A774 /* Release */ = {
			isa = XCBuildConfiguration;
			buildSettings = {
				ALWAYS_SEARCH_USER_PATHS = NO;
				CLANG_ANALYZER_LOCALIZABILITY_NONLOCALIZED = YES;
				CLANG_ANALYZER_NONNULL = YES;
				CLANG_ANALYZER_NUMBER_OBJECT_CONVERSION = YES_AGGRESSIVE;
				CLANG_CXX_LANGUAGE_STANDARD = "gnu++14";
				CLANG_CXX_LIBRARY = "libc++";
				CLANG_ENABLE_MODULES = YES;
				CLANG_ENABLE_OBJC_ARC = YES;
				CLANG_ENABLE_OBJC_WEAK = YES;
				CLANG_WARN_BLOCK_CAPTURE_AUTORELEASING = YES;
				CLANG_WARN_BOOL_CONVERSION = YES;
				CLANG_WARN_COMMA = YES;
				CLANG_WARN_CONSTANT_CONVERSION = YES;
				CLANG_WARN_DEPRECATED_OBJC_IMPLEMENTATIONS = YES;
				CLANG_WARN_DIRECT_OBJC_ISA_USAGE = YES_ERROR;
				CLANG_WARN_DOCUMENTATION_COMMENTS = YES;
				CLANG_WARN_EMPTY_BODY = YES;
				CLANG_WARN_ENUM_CONVERSION = YES;
				CLANG_WARN_INFINITE_RECURSION = YES;
				CLANG_WARN_INT_CONVERSION = YES;
				CLANG_WARN_NON_LITERAL_NULL_CONVERSION = YES;
				CLANG_WARN_OBJC_IMPLICIT_RETAIN_SELF = YES;
				CLANG_WARN_OBJC_LITERAL_CONVERSION = YES;
				CLANG_WARN_OBJC_ROOT_CLASS = YES_ERROR;
				CLANG_WARN_RANGE_LOOP_ANALYSIS = YES;
				CLANG_WARN_STRICT_PROTOTYPES = YES;
				CLANG_WARN_SUSPICIOUS_MOVE = YES;
				CLANG_WARN_UNGUARDED_AVAILABILITY = YES_AGGRESSIVE;
				CLANG_WARN_UNREACHABLE_CODE = YES;
				CLANG_WARN__DUPLICATE_METHOD_MATCH = YES;
				CODE_SIGN_IDENTITY = "iPhone Developer";
				COPY_PHASE_STRIP = NO;
				DEBUG_INFORMATION_FORMAT = "dwarf-with-dsym";
				ENABLE_NS_ASSERTIONS = NO;
				ENABLE_STRICT_OBJC_MSGSEND = YES;
				GCC_C_LANGUAGE_STANDARD = gnu11;
				GCC_NO_COMMON_BLOCKS = YES;
				GCC_PREFIX_HEADER = "$(SRCROOT)/Example_OC/Supporting Files/PrefixHeader.pch";
				GCC_WARN_64_TO_32_BIT_CONVERSION = YES;
				GCC_WARN_ABOUT_RETURN_TYPE = YES_ERROR;
				GCC_WARN_UNDECLARED_SELECTOR = YES;
				GCC_WARN_UNINITIALIZED_AUTOS = YES_AGGRESSIVE;
				GCC_WARN_UNUSED_FUNCTION = YES;
				GCC_WARN_UNUSED_VARIABLE = YES;
				IPHONEOS_DEPLOYMENT_TARGET = 11.3;
				MTL_ENABLE_DEBUG_INFO = NO;
				SDKROOT = iphoneos;
				VALIDATE_PRODUCT = YES;
			};
			name = Release;
		};
		A0BE93E720947B1800D4A774 /* Debug */ = {
			isa = XCBuildConfiguration;
			baseConfigurationReference = 32C946B9CC1571E1F9EB6099 /* Pods-Example_OC.debug.xcconfig */;
			buildSettings = {
				ASSETCATALOG_COMPILER_APPICON_NAME = AppIcon;
				CODE_SIGN_STYLE = Automatic;
				DEVELOPMENT_TEAM = 52C9756LP2;
				INFOPLIST_FILE = Example_OC/Info.plist;
				LD_RUNPATH_SEARCH_PATHS = (
					"$(inherited)",
					"@executable_path/Frameworks",
				);
				PRODUCT_BUNDLE_IDENTIFIER = "com.light.Example-OC";
				PRODUCT_NAME = "$(TARGET_NAME)";
				TARGETED_DEVICE_FAMILY = "1,2";
			};
			name = Debug;
		};
		A0BE93E820947B1800D4A774 /* Release */ = {
			isa = XCBuildConfiguration;
			baseConfigurationReference = 62CEB5290BF10D98C68E9C56 /* Pods-Example_OC.release.xcconfig */;
			buildSettings = {
				ASSETCATALOG_COMPILER_APPICON_NAME = AppIcon;
				CODE_SIGN_STYLE = Automatic;
				DEVELOPMENT_TEAM = 52C9756LP2;
				INFOPLIST_FILE = Example_OC/Info.plist;
				LD_RUNPATH_SEARCH_PATHS = (
					"$(inherited)",
					"@executable_path/Frameworks",
				);
				PRODUCT_BUNDLE_IDENTIFIER = "com.light.Example-OC";
				PRODUCT_NAME = "$(TARGET_NAME)";
				TARGETED_DEVICE_FAMILY = "1,2";
			};
			name = Release;
		};
/* End XCBuildConfiguration section */

/* Begin XCConfigurationList section */
		A0BE93CB20947B1600D4A774 /* Build configuration list for PBXProject "Example_OC" */ = {
			isa = XCConfigurationList;
			buildConfigurations = (
				A0BE93E420947B1800D4A774 /* Debug */,
				A0BE93E520947B1800D4A774 /* Release */,
			);
			defaultConfigurationIsVisible = 0;
			defaultConfigurationName = Release;
		};
		A0BE93E620947B1800D4A774 /* Build configuration list for PBXNativeTarget "Example_OC" */ = {
			isa = XCConfigurationList;
			buildConfigurations = (
				A0BE93E720947B1800D4A774 /* Debug */,
				A0BE93E820947B1800D4A774 /* Release */,
			);
			defaultConfigurationIsVisible = 0;
			defaultConfigurationName = Release;
		};
/* End XCConfigurationList section */
	};
	rootObject = A0BE93C820947B1600D4A774 /* Project object */;
}
